// !$*UTF8*$!
{
	archiveVersion = 1;
	classes = {
	};
	objectVersion = 56;
	objects = {

/* Begin PBXBuildFile section */
		937005072CB677CC009E4936 /* CPFExtensionDynamic in Frameworks */ = {isa = PBXBuildFile; productRef = 937005062CB677CC009E4936 /* CPFExtensionDynamic */; };
		937005082CB677CC009E4936 /* CPFExtensionDynamic in Embed Frameworks */ = {isa = PBXBuildFile; productRef = 937005062CB677CC009E4936 /* CPFExtensionDynamic */; settings = {ATTRIBUTES = (CodeSignOnCopy, ); }; };
		9370050B2CB6789D009E4936 /* CPFChainDynamic in Frameworks */ = {isa = PBXBuildFile; productRef = 9370050A2CB6789D009E4936 /* CPFChainDynamic */; };
		9370050C2CB67A61009E4936 /* CPFChainDynamic in Embed Frameworks */ = {isa = PBXBuildFile; productRef = 9370050A2CB6789D009E4936 /* CPFChainDynamic */; settings = {ATTRIBUTES = (CodeSignOnCopy, ); }; };
		938F4FC52A2EE3D100B8E380 /* CPFExtension.podspec in Resources */ = {isa = PBXBuildFile; fileRef = 938F4FC42A2EE3D100B8E380 /* CPFExtension.podspec */; };
		93D63A7A2A29DEDD0099F919 /* AppDelegate.swift in Sources */ = {isa = PBXBuildFile; fileRef = 93D63A792A29DEDD0099F919 /* AppDelegate.swift */; };
		93D63A7C2A29DEDD0099F919 /* SceneDelegate.swift in Sources */ = {isa = PBXBuildFile; fileRef = 93D63A7B2A29DEDD0099F919 /* SceneDelegate.swift */; };
		93D63A7E2A29DEDD0099F919 /* ViewController.swift in Sources */ = {isa = PBXBuildFile; fileRef = 93D63A7D2A29DEDD0099F919 /* ViewController.swift */; };
		93D63A812A29DEDD0099F919 /* Main.storyboard in Resources */ = {isa = PBXBuildFile; fileRef = 93D63A7F2A29DEDD0099F919 /* Main.storyboard */; };
		93D63A832A29DEDF0099F919 /* Assets.xcassets in Resources */ = {isa = PBXBuildFile; fileRef = 93D63A822A29DEDF0099F919 /* Assets.xcassets */; };
		93D63A862A29DEDF0099F919 /* LaunchScreen.storyboard in Resources */ = {isa = PBXBuildFile; fileRef = 93D63A842A29DEDF0099F919 /* LaunchScreen.storyboard */; };
/* End PBXBuildFile section */

/* Begin PBXCopyFilesBuildPhase section */
		93D63A962A29DFC50099F919 /* Embed Frameworks */ = {
			isa = PBXCopyFilesBuildPhase;
			buildActionMask = 2147483647;
			dstPath = "";
			dstSubfolderSpec = 10;
			files = (
				9370050C2CB67A61009E4936 /* CPFChainDynamic in Embed Frameworks */,
				937005082CB677CC009E4936 /* CPFExtensionDynamic in Embed Frameworks */,
			);
			name = "Embed Frameworks";
			runOnlyForDeploymentPostprocessing = 0;
		};
/* End PBXCopyFilesBuildPhase section */

/* Begin PBXFileReference section */
		938F4FC12A2EE39600B8E380 /* CPFExtension */ = {isa = PBXFileReference; lastKnownFileType = wrapper; name = CPFExtension; path = ..; sourceTree = "<group>"; };
		938F4FC42A2EE3D100B8E380 /* CPFExtension.podspec */ = {isa = PBXFileReference; fileEncoding = 4; lastKnownFileType = text; name = CPFExtension.podspec; path = ../CPFExtension.podspec; sourceTree = "<group>"; };
		93D63A762A29DEDD0099F919 /* Demo.app */ = {isa = PBXFileReference; explicitFileType = wrapper.application; includeInIndex = 0; path = Demo.app; sourceTree = BUILT_PRODUCTS_DIR; };
		93D63A792A29DEDD0099F919 /* AppDelegate.swift */ = {isa = PBXFileReference; lastKnownFileType = sourcecode.swift; path = AppDelegate.swift; sourceTree = "<group>"; };
		93D63A7B2A29DEDD0099F919 /* SceneDelegate.swift */ = {isa = PBXFileReference; lastKnownFileType = sourcecode.swift; path = SceneDelegate.swift; sourceTree = "<group>"; };
		93D63A7D2A29DEDD0099F919 /* ViewController.swift */ = {isa = PBXFileReference; lastKnownFileType = sourcecode.swift; path = ViewController.swift; sourceTree = "<group>"; };
		93D63A802A29DEDD0099F919 /* Base */ = {isa = PBXFileReference; lastKnownFileType = file.storyboard; name = Base; path = Base.lproj/Main.storyboard; sourceTree = "<group>"; };
		93D63A822A29DEDF0099F919 /* Assets.xcassets */ = {isa = PBXFileReference; lastKnownFileType = folder.assetcatalog; path = Assets.xcassets; sourceTree = "<group>"; };
		93D63A852A29DEDF0099F919 /* Base */ = {isa = PBXFileReference; lastKnownFileType = file.storyboard; name = Base; path = Base.lproj/LaunchScreen.storyboard; sourceTree = "<group>"; };
		93D63A872A29DEDF0099F919 /* Info.plist */ = {isa = PBXFileReference; lastKnownFileType = text.plist.xml; path = Info.plist; sourceTree = "<group>"; };
/* End PBXFileReference section */

/* Begin PBXFrameworksBuildPhase section */
		93D63A732A29DEDD0099F919 /* Frameworks */ = {
			isa = PBXFrameworksBuildPhase;
			buildActionMask = 2147483647;
			files = (
				9370050B2CB6789D009E4936 /* CPFChainDynamic in Frameworks */,
				937005072CB677CC009E4936 /* CPFExtensionDynamic in Frameworks */,
			);
			runOnlyForDeploymentPostprocessing = 0;
		};
/* End PBXFrameworksBuildPhase section */

/* Begin PBXGroup section */
		938F4FC02A2EE39600B8E380 /* Packages */ = {
			isa = PBXGroup;
			children = (
				938F4FC12A2EE39600B8E380 /* CPFExtension */,
			);
			name = Packages;
			sourceTree = "<group>";
		};
		938F4FC22A2EE3B300B8E380 /* Pod */ = {
			isa = PBXGroup;
			children = (
				938F4FC42A2EE3D100B8E380 /* CPFExtension.podspec */,
			);
			name = Pod;
			sourceTree = "<group>";
		};
		93D63A6D2A29DEDD0099F919 = {
			isa = PBXGroup;
			children = (
				938F4FC02A2EE39600B8E380 /* Packages */,
				938F4FC22A2EE3B300B8E380 /* Pod */,
				93D63A782A29DEDD0099F919 /* Demo */,
				93D63A772A29DEDD0099F919 /* Products */,
				93D63A922A29DFC50099F919 /* Frameworks */,
			);
			sourceTree = "<group>";
		};
		93D63A772A29DEDD0099F919 /* Products */ = {
			isa = PBXGroup;
			children = (
				93D63A762A29DEDD0099F919 /* Demo.app */,
			);
			name = Products;
			sourceTree = "<group>";
		};
		93D63A782A29DEDD0099F919 /* Demo */ = {
			isa = PBXGroup;
			children = (
				93D63A792A29DEDD0099F919 /* AppDelegate.swift */,
				93D63A7B2A29DEDD0099F919 /* SceneDelegate.swift */,
				93D63A7D2A29DEDD0099F919 /* ViewController.swift */,
				93D63A7F2A29DEDD0099F919 /* Main.storyboard */,
				93D63A822A29DEDF0099F919 /* Assets.xcassets */,
				93D63A842A29DEDF0099F919 /* LaunchScreen.storyboard */,
				93D63A872A29DEDF0099F919 /* Info.plist */,
			);
			path = Demo;
			sourceTree = "<group>";
		};
		93D63A922A29DFC50099F919 /* Frameworks */ = {
			isa = PBXGroup;
			children = (
			);
			name = Frameworks;
			sourceTree = "<group>";
		};
/* End PBXGroup section */

/* Begin PBXNativeTarget section */
		93D63A752A29DEDD0099F919 /* Demo */ = {
			isa = PBXNativeTarget;
			buildConfigurationList = 93D63A8A2A29DEDF0099F919 /* Build configuration list for PBXNativeTarget "Demo" */;
			buildPhases = (
				93D63A722A29DEDD0099F919 /* Sources */,
				93D63A732A29DEDD0099F919 /* Frameworks */,
				93D63A742A29DEDD0099F919 /* Resources */,
				93D63A962A29DFC50099F919 /* Embed Frameworks */,
			);
			buildRules = (
			);
			dependencies = (
			);
			name = Demo;
			packageProductDependencies = (
				937005062CB677CC009E4936 /* CPFExtensionDynamic */,
				9370050A2CB6789D009E4936 /* CPFChainDynamic */,
			);
			productName = Demo;
			productReference = 93D63A762A29DEDD0099F919 /* Demo.app */;
			productType = "com.apple.product-type.application";
		};
/* End PBXNativeTarget section */

/* Begin PBXProject section */
		93D63A6E2A29DEDD0099F919 /* Project object */ = {
			isa = PBXProject;
			attributes = {
				BuildIndependentTargetsInParallel = 1;
				LastSwiftUpdateCheck = 1430;
				LastUpgradeCheck = 1430;
				TargetAttributes = {
					93D63A752A29DEDD0099F919 = {
						CreatedOnToolsVersion = 14.3;
					};
				};
			};
			buildConfigurationList = 93D63A712A29DEDD0099F919 /* Build configuration list for PBXProject "Demo" */;
			compatibilityVersion = "Xcode 14.0";
			developmentRegion = en;
			hasScannedForEncodings = 0;
			knownRegions = (
				en,
				Base,
			);
			mainGroup = 93D63A6D2A29DEDD0099F919;
			packageReferences = (
			);
			productRefGroup = 93D63A772A29DEDD0099F919 /* Products */;
			projectDirPath = "";
			projectRoot = "";
			targets = (
				93D63A752A29DEDD0099F919 /* Demo */,
			);
		};
/* End PBXProject section */

/* Begin PBXResourcesBuildPhase section */
		93D63A742A29DEDD0099F919 /* Resources */ = {
			isa = PBXResourcesBuildPhase;
			buildActionMask = 2147483647;
			files = (
				93D63A862A29DEDF0099F919 /* LaunchScreen.storyboard in Resources */,
				93D63A832A29DEDF0099F919 /* Assets.xcassets in Resources */,
				938F4FC52A2EE3D100B8E380 /* CPFExtension.podspec in Resources */,
				93D63A812A29DEDD0099F919 /* Main.storyboard in Resources */,
			);
			runOnlyForDeploymentPostprocessing = 0;
		};
/* End PBXResourcesBuildPhase section */

/* Begin PBXSourcesBuildPhase section */
		93D63A722A29DEDD0099F919 /* Sources */ = {
			isa = PBXSourcesBuildPhase;
			buildActionMask = 2147483647;
			files = (
				93D63A7E2A29DEDD0099F919 /* ViewController.swift in Sources */,
				93D63A7A2A29DEDD0099F919 /* AppDelegate.swift in Sources */,
				93D63A7C2A29DEDD0099F919 /* SceneDelegate.swift in Sources */,
			);
			runOnlyForDeploymentPostprocessing = 0;
		};
/* End PBXSourcesBuildPhase section */

/* Begin PBXVariantGroup section */
		93D63A7F2A29DEDD0099F919 /* Main.storyboard */ = {
			isa = PBXVariantGroup;
			children = (
				93D63A802A29DEDD0099F919 /* Base */,
			);
			name = Main.storyboard;
			sourceTree = "<group>";
		};
		93D63A842A29DEDF0099F919 /* LaunchScreen.storyboard */ = {
			isa = PBXVariantGroup;
			children = (
				93D63A852A29DEDF0099F919 /* Base */,
			);
			name = LaunchScreen.storyboard;
			sourceTree = "<group>";
		};
/* End PBXVariantGroup section */

/* Begin XCBuildConfiguration section */
		93D63A882A29DEDF0099F919 /* Debug */ = {
			isa = XCBuildConfiguration;
			buildSettings = {
				ALWAYS_SEARCH_USER_PATHS = NO;
				CLANG_ANALYZER_NONNULL = YES;
				CLANG_ANALYZER_NUMBER_OBJECT_CONVERSION = YES_AGGRESSIVE;
				CLANG_CXX_LANGUAGE_STANDARD = "gnu++20";
				CLANG_ENABLE_MODULES = YES;
				CLANG_ENABLE_OBJC_ARC = YES;
				CLANG_ENABLE_OBJC_WEAK = YES;
				CLANG_WARN_BLOCK_CAPTURE_AUTORELEASING = YES;
				CLANG_WARN_BOOL_CONVERSION = YES;
				CLANG_WARN_COMMA = YES;
				CLANG_WARN_CONSTANT_CONVERSION = YES;
				CLANG_WARN_DEPRECATED_OBJC_IMPLEMENTATIONS = YES;
				CLANG_WARN_DIRECT_OBJC_ISA_USAGE = YES_ERROR;
				CLANG_WARN_DOCUMENTATION_COMMENTS = YES;
				CLANG_WARN_EMPTY_BODY = YES;
				CLANG_WARN_ENUM_CONVERSION = YES;
				CLANG_WARN_INFINITE_RECURSION = YES;
				CLANG_WARN_INT_CONVERSION = YES;
				CLANG_WARN_NON_LITERAL_NULL_CONVERSION = YES;
				CLANG_WARN_OBJC_IMPLICIT_RETAIN_SELF = YES;
				CLANG_WARN_OBJC_LITERAL_CONVERSION = YES;
				CLANG_WARN_OBJC_ROOT_CLASS = YES_ERROR;
				CLANG_WARN_QUOTED_INCLUDE_IN_FRAMEWORK_HEADER = YES;
				CLANG_WARN_RANGE_LOOP_ANALYSIS = YES;
				CLANG_WARN_STRICT_PROTOTYPES = YES;
				CLANG_WARN_SUSPICIOUS_MOVE = YES;
				CLANG_WARN_UNGUARDED_AVAILABILITY = YES_AGGRESSIVE;
				CLANG_WARN_UNREACHABLE_CODE = YES;
				CLANG_WARN__DUPLICATE_METHOD_MATCH = YES;
				COPY_PHASE_STRIP = NO;
				DEBUG_INFORMATION_FORMAT = dwarf;
				ENABLE_STRICT_OBJC_MSGSEND = YES;
				ENABLE_TESTABILITY = YES;
				GCC_C_LANGUAGE_STANDARD = gnu11;
				GCC_DYNAMIC_NO_PIC = NO;
				GCC_NO_COMMON_BLOCKS = YES;
				GCC_OPTIMIZATION_LEVEL = 0;
				GCC_PREPROCESSOR_DEFINITIONS = (
					"DEBUG=1",
					"$(inherited)",
				);
				GCC_WARN_64_TO_32_BIT_CONVERSION = YES;
				GCC_WARN_ABOUT_RETURN_TYPE = YES_ERROR;
				GCC_WARN_UNDECLARED_SELECTOR = YES;
				GCC_WARN_UNINITIALIZED_AUTOS = YES_AGGRESSIVE;
				GCC_WARN_UNUSED_FUNCTION = YES;
				GCC_WARN_UNUSED_VARIABLE = YES;
				IPHONEOS_DEPLOYMENT_TARGET = 16.4;
				MTL_ENABLE_DEBUG_INFO = INCLUDE_SOURCE;
				MTL_FAST_MATH = YES;
				ONLY_ACTIVE_ARCH = YES;
				SDKROOT = iphoneos;
				SWIFT_ACTIVE_COMPILATION_CONDITIONS = DEBUG;
				SWIFT_OPTIMIZATION_LEVEL = "-Onone";
			};
			name = Debug;
		};
		93D63A892A29DEDF0099F919 /* Release */ = {
			isa = XCBuildConfiguration;
			buildSettings = {
				ALWAYS_SEARCH_USER_PATHS = NO;
				CLANG_ANALYZER_NONNULL = YES;
				CLANG_ANALYZER_NUMBER_OBJECT_CONVERSION = YES_AGGRESSIVE;
				CLANG_CXX_LANGUAGE_STANDARD = "gnu++20";
				CLANG_ENABLE_MODULES = YES;
				CLANG_ENABLE_OBJC_ARC = YES;
				CLANG_ENABLE_OBJC_WEAK = YES;
				CLANG_WARN_BLOCK_CAPTURE_AUTORELEASING = YES;
				CLANG_WARN_BOOL_CONVERSION = YES;
				CLANG_WARN_COMMA = YES;
				CLANG_WARN_CONSTANT_CONVERSION = YES;
				CLANG_WARN_DEPRECATED_OBJC_IMPLEMENTATIONS = YES;
				CLANG_WARN_DIRECT_OBJC_ISA_USAGE = YES_ERROR;
				CLANG_WARN_DOCUMENTATION_COMMENTS = YES;
				CLANG_WARN_EMPTY_BODY = YES;
				CLANG_WARN_ENUM_CONVERSION = YES;
				CLANG_WARN_INFINITE_RECURSION = YES;
				CLANG_WARN_INT_CONVERSION = YES;
				CLANG_WARN_NON_LITERAL_NULL_CONVERSION = YES;
				CLANG_WARN_OBJC_IMPLICIT_RETAIN_SELF = YES;
				CLANG_WARN_OBJC_LITERAL_CONVERSION = YES;
				CLANG_WARN_OBJC_ROOT_CLASS = YES_ERROR;
				CLANG_WARN_QUOTED_INCLUDE_IN_FRAMEWORK_HEADER = YES;
				CLANG_WARN_RANGE_LOOP_ANALYSIS = YES;
				CLANG_WARN_STRICT_PROTOTYPES = YES;
				CLANG_WARN_SUSPICIOUS_MOVE = YES;
				CLANG_WARN_UNGUARDED_AVAILABILITY = YES_AGGRESSIVE;
				CLANG_WARN_UNREACHABLE_CODE = YES;
				CLANG_WARN__DUPLICATE_METHOD_MATCH = YES;
				COPY_PHASE_STRIP = NO;
				DEBUG_INFORMATION_FORMAT = "dwarf-with-dsym";
				ENABLE_NS_ASSERTIONS = NO;
				ENABLE_STRICT_OBJC_MSGSEND = YES;
				GCC_C_LANGUAGE_STANDARD = gnu11;
				GCC_NO_COMMON_BLOCKS = YES;
				GCC_WARN_64_TO_32_BIT_CONVERSION = YES;
				GCC_WARN_ABOUT_RETURN_TYPE = YES_ERROR;
				GCC_WARN_UNDECLARED_SELECTOR = YES;
				GCC_WARN_UNINITIALIZED_AUTOS = YES_AGGRESSIVE;
				GCC_WARN_UNUSED_FUNCTION = YES;
				GCC_WARN_UNUSED_VARIABLE = YES;
				IPHONEOS_DEPLOYMENT_TARGET = 16.4;
				MTL_ENABLE_DEBUG_INFO = NO;
				MTL_FAST_MATH = YES;
				SDKROOT = iphoneos;
				SWIFT_COMPILATION_MODE = wholemodule;
				SWIFT_OPTIMIZATION_LEVEL = "-O";
				VALIDATE_PRODUCT = YES;
			};
			name = Release;
		};
		93D63A8B2A29DEDF0099F919 /* Debug */ = {
			isa = XCBuildConfiguration;
			buildSettings = {
				ASSETCATALOG_COMPILER_APPICON_NAME = AppIcon;
				ASSETCATALOG_COMPILER_GLOBAL_ACCENT_COLOR_NAME = AccentColor;
				CODE_SIGN_STYLE = Automatic;
				CURRENT_PROJECT_VERSION = 1;
				DEVELOPMENT_TEAM = 628CHGGHXP;
				GENERATE_INFOPLIST_FILE = YES;
				INFOPLIST_FILE = Demo/Info.plist;
				INFOPLIST_KEY_UIApplicationSupportsIndirectInputEvents = YES;
				INFOPLIST_KEY_UILaunchStoryboardName = LaunchScreen;
				INFOPLIST_KEY_UIMainStoryboardFile = Main;
				INFOPLIST_KEY_UISupportedInterfaceOrientations_iPad = "UIInterfaceOrientationPortrait UIInterfaceOrientationPortraitUpsideDown UIInterfaceOrientationLandscapeLeft UIInterfaceOrientationLandscapeRight";
				INFOPLIST_KEY_UISupportedInterfaceOrientations_iPhone = "UIInterfaceOrientationPortrait UIInterfaceOrientationLandscapeLeft UIInterfaceOrientationLandscapeRight";
				IPHONEOS_DEPLOYMENT_TARGET = 15.6;
				LD_RUNPATH_SEARCH_PATHS = (
					"$(inherited)",
					"@executable_path/Frameworks",
				);
				MARKETING_VERSION = 1.0;
				PRODUCT_BUNDLE_IDENTIFIER = com.aaron.components.Demo;
				PRODUCT_NAME = "$(TARGET_NAME)";
				SWIFT_EMIT_LOC_STRINGS = YES;
				SWIFT_VERSION = 5.0;
				TARGETED_DEVICE_FAMILY = "1,2";
			};
			name = Debug;
		};
		93D63A8C2A29DEDF0099F919 /* Release */ = {
			isa = XCBuildConfiguration;
			buildSettings = {
				ASSETCATALOG_COMPILER_APPICON_NAME = AppIcon;
				ASSETCATALOG_COMPILER_GLOBAL_ACCENT_COLOR_NAME = AccentColor;
				CODE_SIGN_STYLE = Automatic;
				CURRENT_PROJECT_VERSION = 1;
				DEVELOPMENT_TEAM = 628CHGGHXP;
				GENERATE_INFOPLIST_FILE = YES;
				INFOPLIST_FILE = Demo/Info.plist;
				INFOPLIST_KEY_UIApplicationSupportsIndirectInputEvents = YES;
				INFOPLIST_KEY_UILaunchStoryboardName = LaunchScreen;
				INFOPLIST_KEY_UIMainStoryboardFile = Main;
				INFOPLIST_KEY_UISupportedInterfaceOrientations_iPad = "UIInterfaceOrientationPortrait UIInterfaceOrientationPortraitUpsideDown UIInterfaceOrientationLandscapeLeft UIInterfaceOrientationLandscapeRight";
				INFOPLIST_KEY_UISupportedInterfaceOrientations_iPhone = "UIInterfaceOrientationPortrait UIInterfaceOrientationLandscapeLeft UIInterfaceOrientationLandscapeRight";
				IPHONEOS_DEPLOYMENT_TARGET = 15.6;
				LD_RUNPATH_SEARCH_PATHS = (
					"$(inherited)",
					"@executable_path/Frameworks",
				);
				MARKETING_VERSION = 1.0;
				PRODUCT_BUNDLE_IDENTIFIER = com.aaron.components.Demo;
				PRODUCT_NAME = "$(TARGET_NAME)";
				SWIFT_EMIT_LOC_STRINGS = YES;
				SWIFT_VERSION = 5.0;
				TARGETED_DEVICE_FAMILY = "1,2";
			};
			name = Release;
		};
/* End XCBuildConfiguration section */

/* Begin XCConfigurationList section */
		93D63A712A29DEDD0099F919 /* Build configuration list for PBXProject "Demo" */ = {
			isa = XCConfigurationList;
			buildConfigurations = (
				93D63A882A29DEDF0099F919 /* Debug */,
				93D63A892A29DEDF0099F919 /* Release */,
			);
			defaultConfigurationIsVisible = 0;
			defaultConfigurationName = Release;
		};
		93D63A8A2A29DEDF0099F919 /* Build configuration list for PBXNativeTarget "Demo" */ = {
			isa = XCConfigurationList;
			buildConfigurations = (
				93D63A8B2A29DEDF0099F919 /* Debug */,
				93D63A8C2A29DEDF0099F919 /* Release */,
			);
			defaultConfigurationIsVisible = 0;
			defaultConfigurationName = Release;
		};
/* End XCConfigurationList section */

/* Begin XCSwiftPackageProductDependency section */
		937005062CB677CC009E4936 /* CPFExtensionDynamic */ = {
			isa = XCSwiftPackageProductDependency;
			productName = CPFExtensionDynamic;
		};
		9370050A2CB6789D009E4936 /* CPFChainDynamic */ = {
			isa = XCSwiftPackageProductDependency;
			productName = CPFChainDynamic;
		};
/* End XCSwiftPackageProductDependency section */
	};
	rootObject = 93D63A6E2A29DEDD0099F919 /* Project object */;
}
